// !$*UTF8*$!
{
	archiveVersion = 1;
	classes = {
	};
	objectVersion = 56;
	objects = {

/* Begin PBXBuildFile section */
		6B0FBC3C2ACB677B00FDAA89 /* MicelioApp.swift in Sources */ = {isa = PBXBuildFile; fileRef = 6B0FBC3B2ACB677B00FDAA89 /* MicelioApp.swift */; };
		6B0FBC3E2ACB677B00FDAA89 /* ContentView.swift in Sources */ = {isa = PBXBuildFile; fileRef = 6B0FBC3D2ACB677B00FDAA89 /* ContentView.swift */; };
		6B0FBC402ACB677C00FDAA89 /* Assets.xcassets in Resources */ = {isa = PBXBuildFile; fileRef = 6B0FBC3F2ACB677C00FDAA89 /* Assets.xcassets */; };
		6B0FBC432ACB677C00FDAA89 /* Preview Assets.xcassets in Resources */ = {isa = PBXBuildFile; fileRef = 6B0FBC422ACB677C00FDAA89 /* Preview Assets.xcassets */; };
		6B0FBC452ACB677C00FDAA89 /* Persistence.swift in Sources */ = {isa = PBXBuildFile; fileRef = 6B0FBC442ACB677C00FDAA89 /* Persistence.swift */; };
		6B0FBC482ACB677C00FDAA89 /* Micelio.xcdatamodeld in Sources */ = {isa = PBXBuildFile; fileRef = 6B0FBC462ACB677C00FDAA89 /* Micelio.xcdatamodeld */; };
		6B239E0C2B6C581F00D7D8EB /* MushroomMapAnnotation+Coordinate.swift in Sources */ = {isa = PBXBuildFile; fileRef = 6B239E0B2B6C581E00D7D8EB /* MushroomMapAnnotation+Coordinate.swift */; };
		6B239E0E2B72F79E00D7D8EB /* MapView.swift in Sources */ = {isa = PBXBuildFile; fileRef = 6B239E0D2B72F79E00D7D8EB /* MapView.swift */; };
		6B239E102B72FA1D00D7D8EB /* MapOverlayView.swift in Sources */ = {isa = PBXBuildFile; fileRef = 6B239E0F2B72FA1D00D7D8EB /* MapOverlayView.swift */; };
		6B239E132B72FA7000D7D8EB /* AddMushroomLocationTextView.swift in Sources */ = {isa = PBXBuildFile; fileRef = 6B239E122B72FA7000D7D8EB /* AddMushroomLocationTextView.swift */; };
		6B239E152B72FB6400D7D8EB /* MapButtonsHStackView.swift in Sources */ = {isa = PBXBuildFile; fileRef = 6B239E142B72FB6400D7D8EB /* MapButtonsHStackView.swift */; };
		6B239E172B72FB9200D7D8EB /* CenterMapButtonView.swift in Sources */ = {isa = PBXBuildFile; fileRef = 6B239E162B72FB9200D7D8EB /* CenterMapButtonView.swift */; };
		6B239E192B72FB9E00D7D8EB /* AddPinButtonView.swift in Sources */ = {isa = PBXBuildFile; fileRef = 6B239E182B72FB9E00D7D8EB /* AddPinButtonView.swift */; };
		6B3126522B6AB2C10016D701 /* MushroomMapView.swift in Sources */ = {isa = PBXBuildFile; fileRef = 6B3126512B6AB2C10016D701 /* MushroomMapView.swift */; };
		6B3126542B6AF1900016D701 /* LocationManager.swift in Sources */ = {isa = PBXBuildFile; fileRef = 6B3126532B6AF1900016D701 /* LocationManager.swift */; };
		6B3363BB2B3CF00B002FBAEF /* RecognisedMushroom.swift in Sources */ = {isa = PBXBuildFile; fileRef = 6B3363BA2B3CF00B002FBAEF /* RecognisedMushroom.swift */; };
		6B3363BE2B3CF5E8002FBAEF /* FloatingPoint+Rounded.swift in Sources */ = {isa = PBXBuildFile; fileRef = 6B3363BD2B3CF5E8002FBAEF /* FloatingPoint+Rounded.swift */; };
		6B78357C2AFBDDDC00166DB3 /* TitleView.swift in Sources */ = {isa = PBXBuildFile; fileRef = 6B78357B2AFBDDDC00166DB3 /* TitleView.swift */; };
		6B7835802AFBE1F400166DB3 /* MushroomDetailSectionView.swift in Sources */ = {isa = PBXBuildFile; fileRef = 6B78357F2AFBE1F400166DB3 /* MushroomDetailSectionView.swift */; };
		6B7835832AFD98EC00166DB3 /* DisclosureGroupCustomStyle.swift in Sources */ = {isa = PBXBuildFile; fileRef = 6B7835822AFD98EC00166DB3 /* DisclosureGroupCustomStyle.swift */; };
		6B7835852AFE464400166DB3 /* TitleAndDetailsView.swift in Sources */ = {isa = PBXBuildFile; fileRef = 6B7835842AFE464400166DB3 /* TitleAndDetailsView.swift */; };
		6B7835872AFE46DE00166DB3 /* DetailsView.swift in Sources */ = {isa = PBXBuildFile; fileRef = 6B7835862AFE46DE00166DB3 /* DetailsView.swift */; };
		6B7835892AFE497C00166DB3 /* DetailGridView.swift in Sources */ = {isa = PBXBuildFile; fileRef = 6B7835882AFE497C00166DB3 /* DetailGridView.swift */; };
		6B78358C2AFE6F6A00166DB3 /* LegendItemImageView.swift in Sources */ = {isa = PBXBuildFile; fileRef = 6B78358B2AFE6F6A00166DB3 /* LegendItemImageView.swift */; };
		6B7835902B043FAD00166DB3 /* ShortDescriptionView.swift in Sources */ = {isa = PBXBuildFile; fileRef = 6B78358F2B043FAD00166DB3 /* ShortDescriptionView.swift */; };
		6B7835B22B06D8BC00166DB3 /* AllImagesView.swift in Sources */ = {isa = PBXBuildFile; fileRef = 6B7835B12B06D8BC00166DB3 /* AllImagesView.swift */; };
		6B7A1FEF2B5F367400B62640 /* MainResultView.swift in Sources */ = {isa = PBXBuildFile; fileRef = 6B7A1FEE2B5F367400B62640 /* MainResultView.swift */; };
		6B7A1FF12B5F370800B62640 /* OtherResultsView.swift in Sources */ = {isa = PBXBuildFile; fileRef = 6B7A1FF02B5F370800B62640 /* OtherResultsView.swift */; };
		6B7A1FF32B5F3C9200B62640 /* ResultItemImageView.swift in Sources */ = {isa = PBXBuildFile; fileRef = 6B7A1FF22B5F3C9200B62640 /* ResultItemImageView.swift */; };
		6B7A1FF52B5F3D0C00B62640 /* ResultItemTextView.swift in Sources */ = {isa = PBXBuildFile; fileRef = 6B7A1FF42B5F3D0C00B62640 /* ResultItemTextView.swift */; };
		6B7A1FF72B5F3DD900B62640 /* ResultItemMushroomNameTextView.swift in Sources */ = {isa = PBXBuildFile; fileRef = 6B7A1FF62B5F3DD900B62640 /* ResultItemMushroomNameTextView.swift */; };
		6B7A1FF92B5F3E4700B62640 /* ResultItemMushroomConfidenceTextView.swift in Sources */ = {isa = PBXBuildFile; fileRef = 6B7A1FF82B5F3E4700B62640 /* ResultItemMushroomConfidenceTextView.swift */; };
		6B7A1FFB2B6321E700B62640 /* MobileNetV2.mlmodel in Sources */ = {isa = PBXBuildFile; fileRef = 6B7A1FFA2B6321E700B62640 /* MobileNetV2.mlmodel */; };
		6B7A1FFD2B63221600B62640 /* ImagePredictor.swift in Sources */ = {isa = PBXBuildFile; fileRef = 6B7A1FFC2B63221600B62640 /* ImagePredictor.swift */; };
		6B7A20012B63288800B62640 /* CGImagePropertyOrientation+Init.swift in Sources */ = {isa = PBXBuildFile; fileRef = 6B7A20002B63288800B62640 /* CGImagePropertyOrientation+Init.swift */; };
		6B7A20052B632D6800B62640 /* Prediction.swift in Sources */ = {isa = PBXBuildFile; fileRef = 6B7A20042B632D6800B62640 /* Prediction.swift */; };
		6B7A20072B6330AE00B62640 /* MushroomDetector.swift in Sources */ = {isa = PBXBuildFile; fileRef = 6B7A20062B6330AE00B62640 /* MushroomDetector.swift */; };
		6B7A20092B670A9E00B62640 /* MushroomNotDetectedTextView.swift in Sources */ = {isa = PBXBuildFile; fileRef = 6B7A20082B670A9E00B62640 /* MushroomNotDetectedTextView.swift */; };
		6B7CC3462B0EE8E50042A8E4 /* porcino_5.jpeg in Resources */ = {isa = PBXBuildFile; fileRef = 6B7CC33C2B0EE8E50042A8E4 /* porcino_5.jpeg */; };
		6B7CC3472B0EE8E50042A8E4 /* porcino_7.jpeg in Resources */ = {isa = PBXBuildFile; fileRef = 6B7CC33D2B0EE8E50042A8E4 /* porcino_7.jpeg */; };
		6B7CC3482B0EE8E50042A8E4 /* porcino_2.jpeg in Resources */ = {isa = PBXBuildFile; fileRef = 6B7CC33E2B0EE8E50042A8E4 /* porcino_2.jpeg */; };
		6B7CC3492B0EE8E50042A8E4 /* porcino_6.jpeg in Resources */ = {isa = PBXBuildFile; fileRef = 6B7CC33F2B0EE8E50042A8E4 /* porcino_6.jpeg */; };
		6B7CC34A2B0EE8E50042A8E4 /* porcino_4.jpeg in Resources */ = {isa = PBXBuildFile; fileRef = 6B7CC3402B0EE8E50042A8E4 /* porcino_4.jpeg */; };
		6B7CC34B2B0EE8E50042A8E4 /* porcino_3.jpeg in Resources */ = {isa = PBXBuildFile; fileRef = 6B7CC3412B0EE8E50042A8E4 /* porcino_3.jpeg */; };
		6B7CC34C2B0EE8E50042A8E4 /* porcino_8.jpeg in Resources */ = {isa = PBXBuildFile; fileRef = 6B7CC3422B0EE8E50042A8E4 /* porcino_8.jpeg */; };
		6B7CC34D2B0EE8E50042A8E4 /* porcino_9.jpeg in Resources */ = {isa = PBXBuildFile; fileRef = 6B7CC3432B0EE8E50042A8E4 /* porcino_9.jpeg */; };
		6B7CC34E2B0EE8E50042A8E4 /* porcino_0.jpeg in Resources */ = {isa = PBXBuildFile; fileRef = 6B7CC3442B0EE8E50042A8E4 /* porcino_0.jpeg */; };
		6B7CC34F2B0EE8E50042A8E4 /* porcino_1.jpeg in Resources */ = {isa = PBXBuildFile; fileRef = 6B7CC3452B0EE8E50042A8E4 /* porcino_1.jpeg */; };
		6B7CC3522B141A210042A8E4 /* MainImageView.swift in Sources */ = {isa = PBXBuildFile; fileRef = 6B7CC3512B141A210042A8E4 /* MainImageView.swift */; };
		6B7CC3542B141ACE0042A8E4 /* AllImagesContainerView.swift in Sources */ = {isa = PBXBuildFile; fileRef = 6B7CC3532B141ACE0042A8E4 /* AllImagesContainerView.swift */; };
		6B7CC3562B141B9B0042A8E4 /* MainAndAllImagesView.swift in Sources */ = {isa = PBXBuildFile; fileRef = 6B7CC3552B141B9B0042A8E4 /* MainAndAllImagesView.swift */; };
		6B7CC3592B19134D0042A8E4 /* Constants.swift in Sources */ = {isa = PBXBuildFile; fileRef = 6B7CC3582B19134D0042A8E4 /* Constants.swift */; };
		6B8209C12B21504500724555 /* PhotoThumbnailView.swift in Sources */ = {isa = PBXBuildFile; fileRef = 6B8209C02B21504500724555 /* PhotoThumbnailView.swift */; };
		6B820A802B2BB6FB00724555 /* RecogniseView.swift in Sources */ = {isa = PBXBuildFile; fileRef = 6B820A7F2B2BB6FB00724555 /* RecogniseView.swift */; };
		6B820A822B2BB80100724555 /* CameraView.swift in Sources */ = {isa = PBXBuildFile; fileRef = 6B820A812B2BB80100724555 /* CameraView.swift */; };
		6B820A882B2CC00500724555 /* ImageRecogniseContainerView.swift in Sources */ = {isa = PBXBuildFile; fileRef = 6B820A872B2CC00500724555 /* ImageRecogniseContainerView.swift */; };
		6B820A8A2B2CC12C00724555 /* AddPhotoButtonsHStackView.swift in Sources */ = {isa = PBXBuildFile; fileRef = 6B820A892B2CC12C00724555 /* AddPhotoButtonsHStackView.swift */; };
		6B820A8E2B3088CC00724555 /* ViewWithShapeBackground.swift in Sources */ = {isa = PBXBuildFile; fileRef = 6B820A8D2B3088CC00724555 /* ViewWithShapeBackground.swift */; };
		6B820B182B3A4BE500724555 /* Classifier.swift in Sources */ = {isa = PBXBuildFile; fileRef = 6B820B172B3A4BE500724555 /* Classifier.swift */; };
		6B820B1A2B3A4E2400724555 /* MushroomClassifier.swift in Sources */ = {isa = PBXBuildFile; fileRef = 6B820B192B3A4E2400724555 /* MushroomClassifier.swift */; };
		6B908D492B7E5379007FC5B7 /* MushroomMapAnnotation+CoreDataClass.swift in Sources */ = {isa = PBXBuildFile; fileRef = 6B908D472B7E5379007FC5B7 /* MushroomMapAnnotation+CoreDataClass.swift */; };
		6B908D4A2B7E5379007FC5B7 /* MushroomMapAnnotation+CoreDataProperties.swift in Sources */ = {isa = PBXBuildFile; fileRef = 6B908D482B7E5379007FC5B7 /* MushroomMapAnnotation+CoreDataProperties.swift */; };
		6B908D4D2B7E5B46007FC5B7 /* MushroomMapAnnotation+RandomGenerator.swift in Sources */ = {isa = PBXBuildFile; fileRef = 6B908D4C2B7E5B46007FC5B7 /* MushroomMapAnnotation+RandomGenerator.swift */; };
		6B908D512B7E5BCC007FC5B7 /* MushroomMapAnnotation+Colors.swift in Sources */ = {isa = PBXBuildFile; fileRef = 6B908D502B7E5BCC007FC5B7 /* MushroomMapAnnotation+Colors.swift */; };
		6B908D532B840DA6007FC5B7 /* MushroomMapAnnotation+Init.swift in Sources */ = {isa = PBXBuildFile; fileRef = 6B908D522B840DA6007FC5B7 /* MushroomMapAnnotation+Init.swift */; };
		6B908D562B8416C0007FC5B7 /* MushroomMapAnnotationSheetView.swift in Sources */ = {isa = PBXBuildFile; fileRef = 6B908D552B8416C0007FC5B7 /* MushroomMapAnnotationSheetView.swift */; };
		6B908D582B867898007FC5B7 /* AnnotationSheetButtonHStackView.swift in Sources */ = {isa = PBXBuildFile; fileRef = 6B908D572B867898007FC5B7 /* AnnotationSheetButtonHStackView.swift */; };
		6B908D5A2B867ABE007FC5B7 /* AnnotationEditView.swift in Sources */ = {isa = PBXBuildFile; fileRef = 6B908D592B867ABE007FC5B7 /* AnnotationEditView.swift */; };
		6B908D5C2B867AE7007FC5B7 /* AnnotationDisplayView.swift in Sources */ = {isa = PBXBuildFile; fileRef = 6B908D5B2B867AE6007FC5B7 /* AnnotationDisplayView.swift */; };
		6BA8B4C12AD4BDFD005272D2 /* Mushroom.swift in Sources */ = {isa = PBXBuildFile; fileRef = 6BA8B4C02AD4BDFD005272D2 /* Mushroom.swift */; };
		6BA8B4C32AD586A7005272D2 /* Edibility.swift in Sources */ = {isa = PBXBuildFile; fileRef = 6BA8B4C22AD586A7005272D2 /* Edibility.swift */; };
		6BA8B4C52AD5875E005272D2 /* MushroomEnvironment.swift in Sources */ = {isa = PBXBuildFile; fileRef = 6BA8B4C42AD5875E005272D2 /* MushroomEnvironment.swift */; };
		6BA8B4C72AD588E4005272D2 /* Season.swift in Sources */ = {isa = PBXBuildFile; fileRef = 6BA8B4C62AD588E4005272D2 /* Season.swift */; };
		6BA8B4CA2AD60D14005272D2 /* MushroomMockData.swift in Sources */ = {isa = PBXBuildFile; fileRef = 6BA8B4C92AD60D14005272D2 /* MushroomMockData.swift */; };
		6BA8B4CC2AD60F0F005272D2 /* MushroomMockGenerator.swift in Sources */ = {isa = PBXBuildFile; fileRef = 6BA8B4CB2AD60F0F005272D2 /* MushroomMockGenerator.swift */; };
		6BA8B4D22AD75B29005272D2 /* MushroomCatalogRowView.swift in Sources */ = {isa = PBXBuildFile; fileRef = 6BA8B4D12AD75B29005272D2 /* MushroomCatalogRowView.swift */; };
		6BA8B4D42AD8B828005272D2 /* MushroomCatalogView.swift in Sources */ = {isa = PBXBuildFile; fileRef = 6BA8B4D32AD8B828005272D2 /* MushroomCatalogView.swift */; };
		6BA8B4D72AD8BA8E005272D2 /* MushroomDetailView.swift in Sources */ = {isa = PBXBuildFile; fileRef = 6BA8B4D62AD8BA8E005272D2 /* MushroomDetailView.swift */; };
		6BA95D402ACC21C600D7D700 /* Localizable.xcstrings in Resources */ = {isa = PBXBuildFile; fileRef = 6BA95D3F2ACC21C600D7D700 /* Localizable.xcstrings */; };
		6BB5179E2B75AEF5002A2133 /* MushroomPinView.swift in Sources */ = {isa = PBXBuildFile; fileRef = 6BB5179D2B75AEF5002A2133 /* MushroomPinView.swift */; };
		6BBEC8BE2AF459C1000720FF /* LegendView.swift in Sources */ = {isa = PBXBuildFile; fileRef = 6BBEC8BD2AF459C1000720FF /* LegendView.swift */; };
		6BBEC8C02AF466D7000720FF /* LegendItem.swift in Sources */ = {isa = PBXBuildFile; fileRef = 6BBEC8BF2AF466D7000720FF /* LegendItem.swift */; };
		6BBEC8C22AF467CC000720FF /* LegendItems.swift in Sources */ = {isa = PBXBuildFile; fileRef = 6BBEC8C12AF467CC000720FF /* LegendItems.swift */; };
		6BBEC8C52AF46C52000720FF /* LegendListSectionView.swift in Sources */ = {isa = PBXBuildFile; fileRef = 6BBEC8C42AF46C52000720FF /* LegendListSectionView.swift */; };
		6BBEC8C72AF46D10000720FF /* LegendListRowView.swift in Sources */ = {isa = PBXBuildFile; fileRef = 6BBEC8C62AF46D10000720FF /* LegendListRowView.swift */; };
		6BBEC8C92AF46F49000720FF /* LegendSection.swift in Sources */ = {isa = PBXBuildFile; fileRef = 6BBEC8C82AF46F49000720FF /* LegendSection.swift */; };
		6BBEC8CB2AF4705E000720FF /* LegendSections.swift in Sources */ = {isa = PBXBuildFile; fileRef = 6BBEC8CA2AF4705E000720FF /* LegendSections.swift */; };
		6BCFB90D2B3E41D000C6246E /* ResizableImageWithShapeBackground.swift in Sources */ = {isa = PBXBuildFile; fileRef = 6BCFB90C2B3E41D000C6246E /* ResizableImageWithShapeBackground.swift */; };
		6BCFB9472B438AC000C6246E /* RecogniseMushroomResultView.swift in Sources */ = {isa = PBXBuildFile; fileRef = 6BCFB9462B438AC000C6246E /* RecogniseMushroomResultView.swift */; };
		6BCFB94B2B462BE600C6246E /* RecogniseImageStyle.swift in Sources */ = {isa = PBXBuildFile; fileRef = 6BCFB94A2B462BE600C6246E /* RecogniseImageStyle.swift */; };
		6BCFB96E2B47810D00C6246E /* RecogniseButtonView.swift in Sources */ = {isa = PBXBuildFile; fileRef = 6BCFB96D2B47810D00C6246E /* RecogniseButtonView.swift */; };
		6BCFB9702B47817400C6246E /* RecogniseDisclaimerView.swift in Sources */ = {isa = PBXBuildFile; fileRef = 6BCFB96F2B47817400C6246E /* RecogniseDisclaimerView.swift */; };
		6BCFB9722B47819C00C6246E /* ChooseAnotherPhotoTextView.swift in Sources */ = {isa = PBXBuildFile; fileRef = 6BCFB9712B47819C00C6246E /* ChooseAnotherPhotoTextView.swift */; };
		6BCFBA212B4CCB1F00C6246E /* RecogniseDisclaimerTitleView.swift in Sources */ = {isa = PBXBuildFile; fileRef = 6BCFBA202B4CCB1F00C6246E /* RecogniseDisclaimerTitleView.swift */; };
		6BCFBA232B4CCBDC00C6246E /* RecogniseDisclaimerBodyView.swift in Sources */ = {isa = PBXBuildFile; fileRef = 6BCFBA222B4CCBDC00C6246E /* RecogniseDisclaimerBodyView.swift */; };
		6BCFBA4D2B4E149700C6246E /* ResultsListView.swift in Sources */ = {isa = PBXBuildFile; fileRef = 6BCFBA4C2B4E149700C6246E /* ResultsListView.swift */; };
		6BCFBAAB2B52001200C6246E /* ResultItemView.swift in Sources */ = {isa = PBXBuildFile; fileRef = 6BCFBAAA2B52001200C6246E /* ResultItemView.swift */; };
		6BCFBAB12B520BB600C6246E /* MicelioMushroomClassifier_v3.mlmodel in Sources */ = {isa = PBXBuildFile; fileRef = 6BCFBAB02B520BB600C6246E /* MicelioMushroomClassifier_v3.mlmodel */; };
/* End PBXBuildFile section */

/* Begin PBXFileReference section */
		6B0FBC382ACB677B00FDAA89 /* Micelio.app */ = {isa = PBXFileReference; explicitFileType = wrapper.application; includeInIndex = 0; path = Micelio.app; sourceTree = BUILT_PRODUCTS_DIR; };
		6B0FBC3B2ACB677B00FDAA89 /* MicelioApp.swift */ = {isa = PBXFileReference; lastKnownFileType = sourcecode.swift; path = MicelioApp.swift; sourceTree = "<group>"; };
		6B0FBC3D2ACB677B00FDAA89 /* ContentView.swift */ = {isa = PBXFileReference; lastKnownFileType = sourcecode.swift; path = ContentView.swift; sourceTree = "<group>"; };
		6B0FBC3F2ACB677C00FDAA89 /* Assets.xcassets */ = {isa = PBXFileReference; lastKnownFileType = folder.assetcatalog; path = Assets.xcassets; sourceTree = "<group>"; };
		6B0FBC422ACB677C00FDAA89 /* Preview Assets.xcassets */ = {isa = PBXFileReference; lastKnownFileType = folder.assetcatalog; path = "Preview Assets.xcassets"; sourceTree = "<group>"; };
		6B0FBC442ACB677C00FDAA89 /* Persistence.swift */ = {isa = PBXFileReference; lastKnownFileType = sourcecode.swift; path = Persistence.swift; sourceTree = "<group>"; };
		6B0FBC472ACB677C00FDAA89 /* Micelio.xcdatamodel */ = {isa = PBXFileReference; lastKnownFileType = wrapper.xcdatamodel; path = Micelio.xcdatamodel; sourceTree = "<group>"; };
		6B239E0B2B6C581E00D7D8EB /* MushroomMapAnnotation+Coordinate.swift */ = {isa = PBXFileReference; lastKnownFileType = sourcecode.swift; path = "MushroomMapAnnotation+Coordinate.swift"; sourceTree = "<group>"; };
		6B239E0D2B72F79E00D7D8EB /* MapView.swift */ = {isa = PBXFileReference; lastKnownFileType = sourcecode.swift; path = MapView.swift; sourceTree = "<group>"; };
		6B239E0F2B72FA1D00D7D8EB /* MapOverlayView.swift */ = {isa = PBXFileReference; lastKnownFileType = sourcecode.swift; path = MapOverlayView.swift; sourceTree = "<group>"; };
		6B239E122B72FA7000D7D8EB /* AddMushroomLocationTextView.swift */ = {isa = PBXFileReference; lastKnownFileType = sourcecode.swift; path = AddMushroomLocationTextView.swift; sourceTree = "<group>"; };
		6B239E142B72FB6400D7D8EB /* MapButtonsHStackView.swift */ = {isa = PBXFileReference; lastKnownFileType = sourcecode.swift; path = MapButtonsHStackView.swift; sourceTree = "<group>"; };
		6B239E162B72FB9200D7D8EB /* CenterMapButtonView.swift */ = {isa = PBXFileReference; lastKnownFileType = sourcecode.swift; path = CenterMapButtonView.swift; sourceTree = "<group>"; };
		6B239E182B72FB9E00D7D8EB /* AddPinButtonView.swift */ = {isa = PBXFileReference; lastKnownFileType = sourcecode.swift; path = AddPinButtonView.swift; sourceTree = "<group>"; };
		6B3126512B6AB2C10016D701 /* MushroomMapView.swift */ = {isa = PBXFileReference; lastKnownFileType = sourcecode.swift; path = MushroomMapView.swift; sourceTree = "<group>"; };
		6B3126532B6AF1900016D701 /* LocationManager.swift */ = {isa = PBXFileReference; lastKnownFileType = sourcecode.swift; path = LocationManager.swift; sourceTree = "<group>"; };
		6B3363BA2B3CF00B002FBAEF /* RecognisedMushroom.swift */ = {isa = PBXFileReference; lastKnownFileType = sourcecode.swift; path = RecognisedMushroom.swift; sourceTree = "<group>"; };
		6B3363BD2B3CF5E8002FBAEF /* FloatingPoint+Rounded.swift */ = {isa = PBXFileReference; lastKnownFileType = sourcecode.swift; path = "FloatingPoint+Rounded.swift"; sourceTree = "<group>"; };
		6B78357B2AFBDDDC00166DB3 /* TitleView.swift */ = {isa = PBXFileReference; lastKnownFileType = sourcecode.swift; path = TitleView.swift; sourceTree = "<group>"; };
		6B78357F2AFBE1F400166DB3 /* MushroomDetailSectionView.swift */ = {isa = PBXFileReference; lastKnownFileType = sourcecode.swift; path = MushroomDetailSectionView.swift; sourceTree = "<group>"; };
		6B7835822AFD98EC00166DB3 /* DisclosureGroupCustomStyle.swift */ = {isa = PBXFileReference; lastKnownFileType = sourcecode.swift; path = DisclosureGroupCustomStyle.swift; sourceTree = "<group>"; };
		6B7835842AFE464400166DB3 /* TitleAndDetailsView.swift */ = {isa = PBXFileReference; lastKnownFileType = sourcecode.swift; path = TitleAndDetailsView.swift; sourceTree = "<group>"; };
		6B7835862AFE46DE00166DB3 /* DetailsView.swift */ = {isa = PBXFileReference; lastKnownFileType = sourcecode.swift; path = DetailsView.swift; sourceTree = "<group>"; };
		6B7835882AFE497C00166DB3 /* DetailGridView.swift */ = {isa = PBXFileReference; lastKnownFileType = sourcecode.swift; path = DetailGridView.swift; sourceTree = "<group>"; };
		6B78358B2AFE6F6A00166DB3 /* LegendItemImageView.swift */ = {isa = PBXFileReference; lastKnownFileType = sourcecode.swift; path = LegendItemImageView.swift; sourceTree = "<group>"; };
		6B78358F2B043FAD00166DB3 /* ShortDescriptionView.swift */ = {isa = PBXFileReference; fileEncoding = 4; lastKnownFileType = sourcecode.swift; path = ShortDescriptionView.swift; sourceTree = "<group>"; };
		6B7835B12B06D8BC00166DB3 /* AllImagesView.swift */ = {isa = PBXFileReference; lastKnownFileType = sourcecode.swift; path = AllImagesView.swift; sourceTree = "<group>"; };
		6B7A1FEE2B5F367400B62640 /* MainResultView.swift */ = {isa = PBXFileReference; lastKnownFileType = sourcecode.swift; path = MainResultView.swift; sourceTree = "<group>"; };
		6B7A1FF02B5F370800B62640 /* OtherResultsView.swift */ = {isa = PBXFileReference; lastKnownFileType = sourcecode.swift; path = OtherResultsView.swift; sourceTree = "<group>"; };
		6B7A1FF22B5F3C9200B62640 /* ResultItemImageView.swift */ = {isa = PBXFileReference; lastKnownFileType = sourcecode.swift; path = ResultItemImageView.swift; sourceTree = "<group>"; };
		6B7A1FF42B5F3D0C00B62640 /* ResultItemTextView.swift */ = {isa = PBXFileReference; lastKnownFileType = sourcecode.swift; path = ResultItemTextView.swift; sourceTree = "<group>"; };
		6B7A1FF62B5F3DD900B62640 /* ResultItemMushroomNameTextView.swift */ = {isa = PBXFileReference; lastKnownFileType = sourcecode.swift; path = ResultItemMushroomNameTextView.swift; sourceTree = "<group>"; };
		6B7A1FF82B5F3E4700B62640 /* ResultItemMushroomConfidenceTextView.swift */ = {isa = PBXFileReference; lastKnownFileType = sourcecode.swift; path = ResultItemMushroomConfidenceTextView.swift; sourceTree = "<group>"; };
		6B7A1FFA2B6321E700B62640 /* MobileNetV2.mlmodel */ = {isa = PBXFileReference; lastKnownFileType = file.mlmodel; path = MobileNetV2.mlmodel; sourceTree = "<group>"; };
		6B7A1FFC2B63221600B62640 /* ImagePredictor.swift */ = {isa = PBXFileReference; lastKnownFileType = sourcecode.swift; path = ImagePredictor.swift; sourceTree = "<group>"; };
		6B7A20002B63288800B62640 /* CGImagePropertyOrientation+Init.swift */ = {isa = PBXFileReference; lastKnownFileType = sourcecode.swift; path = "CGImagePropertyOrientation+Init.swift"; sourceTree = "<group>"; };
		6B7A20042B632D6800B62640 /* Prediction.swift */ = {isa = PBXFileReference; lastKnownFileType = sourcecode.swift; path = Prediction.swift; sourceTree = "<group>"; };
		6B7A20062B6330AE00B62640 /* MushroomDetector.swift */ = {isa = PBXFileReference; lastKnownFileType = sourcecode.swift; path = MushroomDetector.swift; sourceTree = "<group>"; };
		6B7A20082B670A9E00B62640 /* MushroomNotDetectedTextView.swift */ = {isa = PBXFileReference; lastKnownFileType = sourcecode.swift; path = MushroomNotDetectedTextView.swift; sourceTree = "<group>"; };
		6B7CC33C2B0EE8E50042A8E4 /* porcino_5.jpeg */ = {isa = PBXFileReference; lastKnownFileType = image.jpeg; path = porcino_5.jpeg; sourceTree = "<group>"; };
		6B7CC33D2B0EE8E50042A8E4 /* porcino_7.jpeg */ = {isa = PBXFileReference; lastKnownFileType = image.jpeg; path = porcino_7.jpeg; sourceTree = "<group>"; };
		6B7CC33E2B0EE8E50042A8E4 /* porcino_2.jpeg */ = {isa = PBXFileReference; lastKnownFileType = image.jpeg; path = porcino_2.jpeg; sourceTree = "<group>"; };
		6B7CC33F2B0EE8E50042A8E4 /* porcino_6.jpeg */ = {isa = PBXFileReference; lastKnownFileType = image.jpeg; path = porcino_6.jpeg; sourceTree = "<group>"; };
		6B7CC3402B0EE8E50042A8E4 /* porcino_4.jpeg */ = {isa = PBXFileReference; lastKnownFileType = image.jpeg; path = porcino_4.jpeg; sourceTree = "<group>"; };
		6B7CC3412B0EE8E50042A8E4 /* porcino_3.jpeg */ = {isa = PBXFileReference; lastKnownFileType = image.jpeg; path = porcino_3.jpeg; sourceTree = "<group>"; };
		6B7CC3422B0EE8E50042A8E4 /* porcino_8.jpeg */ = {isa = PBXFileReference; lastKnownFileType = image.jpeg; path = porcino_8.jpeg; sourceTree = "<group>"; };
		6B7CC3432B0EE8E50042A8E4 /* porcino_9.jpeg */ = {isa = PBXFileReference; lastKnownFileType = image.jpeg; path = porcino_9.jpeg; sourceTree = "<group>"; };
		6B7CC3442B0EE8E50042A8E4 /* porcino_0.jpeg */ = {isa = PBXFileReference; lastKnownFileType = image.jpeg; path = porcino_0.jpeg; sourceTree = "<group>"; };
		6B7CC3452B0EE8E50042A8E4 /* porcino_1.jpeg */ = {isa = PBXFileReference; lastKnownFileType = image.jpeg; path = porcino_1.jpeg; sourceTree = "<group>"; };
		6B7CC3512B141A210042A8E4 /* MainImageView.swift */ = {isa = PBXFileReference; lastKnownFileType = sourcecode.swift; path = MainImageView.swift; sourceTree = "<group>"; };
		6B7CC3532B141ACE0042A8E4 /* AllImagesContainerView.swift */ = {isa = PBXFileReference; lastKnownFileType = sourcecode.swift; path = AllImagesContainerView.swift; sourceTree = "<group>"; };
		6B7CC3552B141B9B0042A8E4 /* MainAndAllImagesView.swift */ = {isa = PBXFileReference; lastKnownFileType = sourcecode.swift; path = MainAndAllImagesView.swift; sourceTree = "<group>"; };
		6B7CC3582B19134D0042A8E4 /* Constants.swift */ = {isa = PBXFileReference; lastKnownFileType = sourcecode.swift; path = Constants.swift; sourceTree = "<group>"; };
		6B8209C02B21504500724555 /* PhotoThumbnailView.swift */ = {isa = PBXFileReference; lastKnownFileType = sourcecode.swift; path = PhotoThumbnailView.swift; sourceTree = "<group>"; };
		6B820A7F2B2BB6FB00724555 /* RecogniseView.swift */ = {isa = PBXFileReference; lastKnownFileType = sourcecode.swift; path = RecogniseView.swift; sourceTree = "<group>"; };
		6B820A812B2BB80100724555 /* CameraView.swift */ = {isa = PBXFileReference; lastKnownFileType = sourcecode.swift; path = CameraView.swift; sourceTree = "<group>"; };
		6B820A872B2CC00500724555 /* ImageRecogniseContainerView.swift */ = {isa = PBXFileReference; lastKnownFileType = sourcecode.swift; path = ImageRecogniseContainerView.swift; sourceTree = "<group>"; };
		6B820A892B2CC12C00724555 /* AddPhotoButtonsHStackView.swift */ = {isa = PBXFileReference; lastKnownFileType = sourcecode.swift; path = AddPhotoButtonsHStackView.swift; sourceTree = "<group>"; };
		6B820A8D2B3088CC00724555 /* ViewWithShapeBackground.swift */ = {isa = PBXFileReference; lastKnownFileType = sourcecode.swift; path = ViewWithShapeBackground.swift; sourceTree = "<group>"; };
		6B820B172B3A4BE500724555 /* Classifier.swift */ = {isa = PBXFileReference; lastKnownFileType = sourcecode.swift; path = Classifier.swift; sourceTree = "<group>"; };
		6B820B192B3A4E2400724555 /* MushroomClassifier.swift */ = {isa = PBXFileReference; lastKnownFileType = sourcecode.swift; path = MushroomClassifier.swift; sourceTree = "<group>"; };
		6B908D472B7E5379007FC5B7 /* MushroomMapAnnotation+CoreDataClass.swift */ = {isa = PBXFileReference; lastKnownFileType = sourcecode.swift; path = "MushroomMapAnnotation+CoreDataClass.swift"; sourceTree = "<group>"; };
		6B908D482B7E5379007FC5B7 /* MushroomMapAnnotation+CoreDataProperties.swift */ = {isa = PBXFileReference; lastKnownFileType = sourcecode.swift; path = "MushroomMapAnnotation+CoreDataProperties.swift"; sourceTree = "<group>"; };
		6B908D4C2B7E5B46007FC5B7 /* MushroomMapAnnotation+RandomGenerator.swift */ = {isa = PBXFileReference; lastKnownFileType = sourcecode.swift; path = "MushroomMapAnnotation+RandomGenerator.swift"; sourceTree = "<group>"; };
		6B908D502B7E5BCC007FC5B7 /* MushroomMapAnnotation+Colors.swift */ = {isa = PBXFileReference; lastKnownFileType = sourcecode.swift; path = "MushroomMapAnnotation+Colors.swift"; sourceTree = "<group>"; };
		6B908D522B840DA6007FC5B7 /* MushroomMapAnnotation+Init.swift */ = {isa = PBXFileReference; lastKnownFileType = sourcecode.swift; path = "MushroomMapAnnotation+Init.swift"; sourceTree = "<group>"; };
		6B908D552B8416C0007FC5B7 /* MushroomMapAnnotationSheetView.swift */ = {isa = PBXFileReference; lastKnownFileType = sourcecode.swift; path = MushroomMapAnnotationSheetView.swift; sourceTree = "<group>"; };
		6B908D572B867898007FC5B7 /* AnnotationSheetButtonHStackView.swift */ = {isa = PBXFileReference; lastKnownFileType = sourcecode.swift; path = AnnotationSheetButtonHStackView.swift; sourceTree = "<group>"; };
		6B908D592B867ABE007FC5B7 /* AnnotationEditView.swift */ = {isa = PBXFileReference; lastKnownFileType = sourcecode.swift; path = AnnotationEditView.swift; sourceTree = "<group>"; };
		6B908D5B2B867AE6007FC5B7 /* AnnotationDisplayView.swift */ = {isa = PBXFileReference; lastKnownFileType = sourcecode.swift; path = AnnotationDisplayView.swift; sourceTree = "<group>"; };
		6BA8B4C02AD4BDFD005272D2 /* Mushroom.swift */ = {isa = PBXFileReference; lastKnownFileType = sourcecode.swift; path = Mushroom.swift; sourceTree = "<group>"; };
		6BA8B4C22AD586A7005272D2 /* Edibility.swift */ = {isa = PBXFileReference; lastKnownFileType = sourcecode.swift; path = Edibility.swift; sourceTree = "<group>"; };
		6BA8B4C42AD5875E005272D2 /* MushroomEnvironment.swift */ = {isa = PBXFileReference; lastKnownFileType = sourcecode.swift; path = MushroomEnvironment.swift; sourceTree = "<group>"; };
		6BA8B4C62AD588E4005272D2 /* Season.swift */ = {isa = PBXFileReference; lastKnownFileType = sourcecode.swift; path = Season.swift; sourceTree = "<group>"; };
		6BA8B4C92AD60D14005272D2 /* MushroomMockData.swift */ = {isa = PBXFileReference; lastKnownFileType = sourcecode.swift; path = MushroomMockData.swift; sourceTree = "<group>"; };
		6BA8B4CB2AD60F0F005272D2 /* MushroomMockGenerator.swift */ = {isa = PBXFileReference; lastKnownFileType = sourcecode.swift; path = MushroomMockGenerator.swift; sourceTree = "<group>"; };
		6BA8B4D12AD75B29005272D2 /* MushroomCatalogRowView.swift */ = {isa = PBXFileReference; lastKnownFileType = sourcecode.swift; path = MushroomCatalogRowView.swift; sourceTree = "<group>"; };
		6BA8B4D32AD8B828005272D2 /* MushroomCatalogView.swift */ = {isa = PBXFileReference; lastKnownFileType = sourcecode.swift; path = MushroomCatalogView.swift; sourceTree = "<group>"; };
		6BA8B4D62AD8BA8E005272D2 /* MushroomDetailView.swift */ = {isa = PBXFileReference; lastKnownFileType = sourcecode.swift; path = MushroomDetailView.swift; sourceTree = "<group>"; };
		6BA95D3F2ACC21C600D7D700 /* Localizable.xcstrings */ = {isa = PBXFileReference; lastKnownFileType = text.json.xcstrings; path = Localizable.xcstrings; sourceTree = "<group>"; };
		6BB5179D2B75AEF5002A2133 /* MushroomPinView.swift */ = {isa = PBXFileReference; lastKnownFileType = sourcecode.swift; path = MushroomPinView.swift; sourceTree = "<group>"; };
		6BBEC8BD2AF459C1000720FF /* LegendView.swift */ = {isa = PBXFileReference; lastKnownFileType = sourcecode.swift; path = LegendView.swift; sourceTree = "<group>"; };
		6BBEC8BF2AF466D7000720FF /* LegendItem.swift */ = {isa = PBXFileReference; lastKnownFileType = sourcecode.swift; path = LegendItem.swift; sourceTree = "<group>"; };
		6BBEC8C12AF467CC000720FF /* LegendItems.swift */ = {isa = PBXFileReference; lastKnownFileType = sourcecode.swift; path = LegendItems.swift; sourceTree = "<group>"; };
		6BBEC8C42AF46C52000720FF /* LegendListSectionView.swift */ = {isa = PBXFileReference; lastKnownFileType = sourcecode.swift; path = LegendListSectionView.swift; sourceTree = "<group>"; };
		6BBEC8C62AF46D10000720FF /* LegendListRowView.swift */ = {isa = PBXFileReference; lastKnownFileType = sourcecode.swift; path = LegendListRowView.swift; sourceTree = "<group>"; };
		6BBEC8C82AF46F49000720FF /* LegendSection.swift */ = {isa = PBXFileReference; lastKnownFileType = sourcecode.swift; path = LegendSection.swift; sourceTree = "<group>"; };
		6BBEC8CA2AF4705E000720FF /* LegendSections.swift */ = {isa = PBXFileReference; lastKnownFileType = sourcecode.swift; path = LegendSections.swift; sourceTree = "<group>"; };
		6BCFB90C2B3E41D000C6246E /* ResizableImageWithShapeBackground.swift */ = {isa = PBXFileReference; lastKnownFileType = sourcecode.swift; path = ResizableImageWithShapeBackground.swift; sourceTree = "<group>"; };
		6BCFB9462B438AC000C6246E /* RecogniseMushroomResultView.swift */ = {isa = PBXFileReference; lastKnownFileType = sourcecode.swift; path = RecogniseMushroomResultView.swift; sourceTree = "<group>"; };
		6BCFB94A2B462BE600C6246E /* RecogniseImageStyle.swift */ = {isa = PBXFileReference; lastKnownFileType = sourcecode.swift; path = RecogniseImageStyle.swift; sourceTree = "<group>"; };
		6BCFB96D2B47810D00C6246E /* RecogniseButtonView.swift */ = {isa = PBXFileReference; lastKnownFileType = sourcecode.swift; path = RecogniseButtonView.swift; sourceTree = "<group>"; };
		6BCFB96F2B47817400C6246E /* RecogniseDisclaimerView.swift */ = {isa = PBXFileReference; lastKnownFileType = sourcecode.swift; path = RecogniseDisclaimerView.swift; sourceTree = "<group>"; };
		6BCFB9712B47819C00C6246E /* ChooseAnotherPhotoTextView.swift */ = {isa = PBXFileReference; lastKnownFileType = sourcecode.swift; path = ChooseAnotherPhotoTextView.swift; sourceTree = "<group>"; };
		6BCFBA202B4CCB1F00C6246E /* RecogniseDisclaimerTitleView.swift */ = {isa = PBXFileReference; lastKnownFileType = sourcecode.swift; path = RecogniseDisclaimerTitleView.swift; sourceTree = "<group>"; };
		6BCFBA222B4CCBDC00C6246E /* RecogniseDisclaimerBodyView.swift */ = {isa = PBXFileReference; lastKnownFileType = sourcecode.swift; path = RecogniseDisclaimerBodyView.swift; sourceTree = "<group>"; };
		6BCFBA4C2B4E149700C6246E /* ResultsListView.swift */ = {isa = PBXFileReference; lastKnownFileType = sourcecode.swift; path = ResultsListView.swift; sourceTree = "<group>"; };
		6BCFBAAA2B52001200C6246E /* ResultItemView.swift */ = {isa = PBXFileReference; lastKnownFileType = sourcecode.swift; path = ResultItemView.swift; sourceTree = "<group>"; };
		6BCFBAB02B520BB600C6246E /* MicelioMushroomClassifier_v3.mlmodel */ = {isa = PBXFileReference; lastKnownFileType = file.mlmodel; path = MicelioMushroomClassifier_v3.mlmodel; sourceTree = "<group>"; };
/* End PBXFileReference section */

/* Begin PBXFrameworksBuildPhase section */
		6B0FBC352ACB677B00FDAA89 /* Frameworks */ = {
			isa = PBXFrameworksBuildPhase;
			buildActionMask = 2147483647;
			files = (
			);
			runOnlyForDeploymentPostprocessing = 0;
		};
/* End PBXFrameworksBuildPhase section */

/* Begin PBXGroup section */
		6B0FBC2F2ACB677B00FDAA89 = {
			isa = PBXGroup;
			children = (
				6B0FBC3A2ACB677B00FDAA89 /* Micelio */,
				6B0FBC392ACB677B00FDAA89 /* Products */,
			);
			sourceTree = "<group>";
		};
		6B0FBC392ACB677B00FDAA89 /* Products */ = {
			isa = PBXGroup;
			children = (
				6B0FBC382ACB677B00FDAA89 /* Micelio.app */,
			);
			name = Products;
			sourceTree = "<group>";
		};
		6B0FBC3A2ACB677B00FDAA89 /* Micelio */ = {
			isa = PBXGroup;
			children = (
				6B908D4B2B7E547D007FC5B7 /* Persistence */,
				6B3363BC2B3CF5D4002FBAEF /* Extensions */,
				6B820B142B3A488800724555 /* ML Mushroom Recognise */,
				6B7CC33B2B0EE8B80042A8E4 /* Images */,
				6B7835812AFD98D600166DB3 /* Styles */,
				6BA8B4CD2AD75799005272D2 /* Views */,
				6BA8B4C82AD60D01005272D2 /* Data */,
				6BA8B4BF2AD4BDEF005272D2 /* Models */,
				6B0FBC3B2ACB677B00FDAA89 /* MicelioApp.swift */,
				6B0FBC3F2ACB677C00FDAA89 /* Assets.xcassets */,
				6B0FBC412ACB677C00FDAA89 /* Preview Content */,
				6BA95D3F2ACC21C600D7D700 /* Localizable.xcstrings */,
				6B7CC3582B19134D0042A8E4 /* Constants.swift */,
			);
			path = Micelio;
			sourceTree = "<group>";
		};
		6B0FBC412ACB677C00FDAA89 /* Preview Content */ = {
			isa = PBXGroup;
			children = (
				6B0FBC422ACB677C00FDAA89 /* Preview Assets.xcassets */,
			);
			path = "Preview Content";
			sourceTree = "<group>";
		};
		6B239E112B72FA4600D7D8EB /* MapOverlay */ = {
			isa = PBXGroup;
			children = (
				6B239E122B72FA7000D7D8EB /* AddMushroomLocationTextView.swift */,
				6B239E142B72FB6400D7D8EB /* MapButtonsHStackView.swift */,
				6B239E162B72FB9200D7D8EB /* CenterMapButtonView.swift */,
				6B239E182B72FB9E00D7D8EB /* AddPinButtonView.swift */,
			);
			path = MapOverlay;
			sourceTree = "<group>";
		};
		6B3126502B6AB2B40016D701 /* Map */ = {
			isa = PBXGroup;
			children = (
				6B908D542B841695007FC5B7 /* AnnotationSheet */,
				6B239E112B72FA4600D7D8EB /* MapOverlay */,
				6B3126512B6AB2C10016D701 /* MushroomMapView.swift */,
				6B239E0D2B72F79E00D7D8EB /* MapView.swift */,
				6B239E0F2B72FA1D00D7D8EB /* MapOverlayView.swift */,
				6BB5179D2B75AEF5002A2133 /* MushroomPinView.swift */,
			);
			path = Map;
			sourceTree = "<group>";
		};
		6B3363BC2B3CF5D4002FBAEF /* Extensions */ = {
			isa = PBXGroup;
			children = (
				6B239E0B2B6C581E00D7D8EB /* MushroomMapAnnotation+Coordinate.swift */,
				6B3363BD2B3CF5E8002FBAEF /* FloatingPoint+Rounded.swift */,
				6B7A20002B63288800B62640 /* CGImagePropertyOrientation+Init.swift */,
				6B908D4C2B7E5B46007FC5B7 /* MushroomMapAnnotation+RandomGenerator.swift */,
				6B908D502B7E5BCC007FC5B7 /* MushroomMapAnnotation+Colors.swift */,
				6B908D522B840DA6007FC5B7 /* MushroomMapAnnotation+Init.swift */,
			);
			path = Extensions;
			sourceTree = "<group>";
		};
		6B7835812AFD98D600166DB3 /* Styles */ = {
			isa = PBXGroup;
			children = (
				6B7835822AFD98EC00166DB3 /* DisclosureGroupCustomStyle.swift */,
				6B820A8D2B3088CC00724555 /* ViewWithShapeBackground.swift */,
				6BCFB90C2B3E41D000C6246E /* ResizableImageWithShapeBackground.swift */,
				6BCFB94A2B462BE600C6246E /* RecogniseImageStyle.swift */,
			);
			path = Styles;
			sourceTree = "<group>";
		};
		6B78358A2AFE6F2000166DB3 /* CommonViews */ = {
			isa = PBXGroup;
			children = (
				6B78358B2AFE6F6A00166DB3 /* LegendItemImageView.swift */,
				6B8209C02B21504500724555 /* PhotoThumbnailView.swift */,
			);
			path = CommonViews;
			sourceTree = "<group>";
		};
		6B78358E2B043F5100166DB3 /* TitleAndDetails */ = {
			isa = PBXGroup;
			children = (
				6B78357B2AFBDDDC00166DB3 /* TitleView.swift */,
				6B7835842AFE464400166DB3 /* TitleAndDetailsView.swift */,
				6B7835862AFE46DE00166DB3 /* DetailsView.swift */,
				6B7835882AFE497C00166DB3 /* DetailGridView.swift */,
			);
			path = TitleAndDetails;
			sourceTree = "<group>";
		};
		6B7CC33B2B0EE8B80042A8E4 /* Images */ = {
			isa = PBXGroup;
			children = (
				6B7CC3502B0EE8EC0042A8E4 /* porcino */,
			);
			path = Images;
			sourceTree = "<group>";
		};
		6B7CC3502B0EE8EC0042A8E4 /* porcino */ = {
			isa = PBXGroup;
			children = (
				6B7CC3442B0EE8E50042A8E4 /* porcino_0.jpeg */,
				6B7CC3452B0EE8E50042A8E4 /* porcino_1.jpeg */,
				6B7CC33E2B0EE8E50042A8E4 /* porcino_2.jpeg */,
				6B7CC3412B0EE8E50042A8E4 /* porcino_3.jpeg */,
				6B7CC3402B0EE8E50042A8E4 /* porcino_4.jpeg */,
				6B7CC33C2B0EE8E50042A8E4 /* porcino_5.jpeg */,
				6B7CC33F2B0EE8E50042A8E4 /* porcino_6.jpeg */,
				6B7CC33D2B0EE8E50042A8E4 /* porcino_7.jpeg */,
				6B7CC3422B0EE8E50042A8E4 /* porcino_8.jpeg */,
				6B7CC3432B0EE8E50042A8E4 /* porcino_9.jpeg */,
			);
			path = porcino;
			sourceTree = "<group>";
		};
		6B7CC3572B141E3C0042A8E4 /* MainAndAdditionalImages */ = {
			isa = PBXGroup;
			children = (
				6B7835B12B06D8BC00166DB3 /* AllImagesView.swift */,
				6B7CC3532B141ACE0042A8E4 /* AllImagesContainerView.swift */,
				6B7CC3512B141A210042A8E4 /* MainImageView.swift */,
				6B7CC3552B141B9B0042A8E4 /* MainAndAllImagesView.swift */,
			);
			path = MainAndAdditionalImages;
			sourceTree = "<group>";
		};
		6B820A7E2B2BB6E000724555 /* Recognise */ = {
			isa = PBXGroup;
			children = (
				6BCFBA262B4CCD0C00C6246E /* RecogniseResult */,
				6BCFBA252B4CCCE300C6246E /* AddPhoto */,
				6BCFBA242B4CCC9000C6246E /* CommonViews */,
				6B820A7F2B2BB6FB00724555 /* RecogniseView.swift */,
			);
			path = Recognise;
			sourceTree = "<group>";
		};
		6B820B142B3A488800724555 /* ML Mushroom Recognise */ = {
			isa = PBXGroup;
			children = (
				6B7A1FFA2B6321E700B62640 /* MobileNetV2.mlmodel */,
				6BCFBAB02B520BB600C6246E /* MicelioMushroomClassifier_v3.mlmodel */,
				6B7A1FFC2B63221600B62640 /* ImagePredictor.swift */,
				6B820B172B3A4BE500724555 /* Classifier.swift */,
				6B820B192B3A4E2400724555 /* MushroomClassifier.swift */,
				6B7A20062B6330AE00B62640 /* MushroomDetector.swift */,
				6B3363BA2B3CF00B002FBAEF /* RecognisedMushroom.swift */,
				6B7A20042B632D6800B62640 /* Prediction.swift */,
			);
			path = "ML Mushroom Recognise";
			sourceTree = "<group>";
		};
		6B908D4B2B7E547D007FC5B7 /* Persistence */ = {
			isa = PBXGroup;
			children = (
				6B0FBC462ACB677C00FDAA89 /* Micelio.xcdatamodeld */,
				6B908D472B7E5379007FC5B7 /* MushroomMapAnnotation+CoreDataClass.swift */,
				6B908D482B7E5379007FC5B7 /* MushroomMapAnnotation+CoreDataProperties.swift */,
				6B0FBC442ACB677C00FDAA89 /* Persistence.swift */,
			);
			path = Persistence;
			sourceTree = "<group>";
		};
		6B908D542B841695007FC5B7 /* AnnotationSheet */ = {
			isa = PBXGroup;
			children = (
				6B908D552B8416C0007FC5B7 /* MushroomMapAnnotationSheetView.swift */,
				6B908D572B867898007FC5B7 /* AnnotationSheetButtonHStackView.swift */,
				6B908D592B867ABE007FC5B7 /* AnnotationEditView.swift */,
				6B908D5B2B867AE6007FC5B7 /* AnnotationDisplayView.swift */,
			);
			path = AnnotationSheet;
			sourceTree = "<group>";
		};
		6BA8B4BF2AD4BDEF005272D2 /* Models */ = {
			isa = PBXGroup;
			children = (
				6BA8B4C02AD4BDFD005272D2 /* Mushroom.swift */,
				6BA8B4C22AD586A7005272D2 /* Edibility.swift */,
				6BA8B4C42AD5875E005272D2 /* MushroomEnvironment.swift */,
				6BA8B4C62AD588E4005272D2 /* Season.swift */,
				6BBEC8BF2AF466D7000720FF /* LegendItem.swift */,
				6BBEC8C82AF46F49000720FF /* LegendSection.swift */,
				6B3126532B6AF1900016D701 /* LocationManager.swift */,
			);
			path = Models;
			sourceTree = "<group>";
		};
		6BA8B4C82AD60D01005272D2 /* Data */ = {
			isa = PBXGroup;
			children = (
				6BA8B4C92AD60D14005272D2 /* MushroomMockData.swift */,
				6BA8B4CB2AD60F0F005272D2 /* MushroomMockGenerator.swift */,
				6BBEC8C12AF467CC000720FF /* LegendItems.swift */,
				6BBEC8CA2AF4705E000720FF /* LegendSections.swift */,
			);
			path = Data;
			sourceTree = "<group>";
		};
		6BA8B4CD2AD75799005272D2 /* Views */ = {
			isa = PBXGroup;
			children = (
				6B3126502B6AB2B40016D701 /* Map */,
				6B820A7E2B2BB6E000724555 /* Recognise */,
				6BA8B4CE2AD757BD005272D2 /* MushroomCatalog */,
				6B0FBC3D2ACB677B00FDAA89 /* ContentView.swift */,
			);
			path = Views;
			sourceTree = "<group>";
		};
		6BA8B4CE2AD757BD005272D2 /* MushroomCatalog */ = {
			isa = PBXGroup;
			children = (
				6B78358A2AFE6F2000166DB3 /* CommonViews */,
				6BA8B4D52AD8BA7B005272D2 /* MushroomDetail */,
				6BA8B4D12AD75B29005272D2 /* MushroomCatalogRowView.swift */,
				6BA8B4D32AD8B828005272D2 /* MushroomCatalogView.swift */,
				6BBEC8C32AF46C43000720FF /* Legend */,
			);
			path = MushroomCatalog;
			sourceTree = "<group>";
		};
		6BA8B4D52AD8BA7B005272D2 /* MushroomDetail */ = {
			isa = PBXGroup;
			children = (
				6B7CC3572B141E3C0042A8E4 /* MainAndAdditionalImages */,
				6BA8B4D62AD8BA8E005272D2 /* MushroomDetailView.swift */,
				6B78358F2B043FAD00166DB3 /* ShortDescriptionView.swift */,
				6B78357F2AFBE1F400166DB3 /* MushroomDetailSectionView.swift */,
				6B78358E2B043F5100166DB3 /* TitleAndDetails */,
			);
			path = MushroomDetail;
			sourceTree = "<group>";
		};
		6BBEC8C32AF46C43000720FF /* Legend */ = {
			isa = PBXGroup;
			children = (
				6BBEC8BD2AF459C1000720FF /* LegendView.swift */,
				6BBEC8C42AF46C52000720FF /* LegendListSectionView.swift */,
				6BBEC8C62AF46D10000720FF /* LegendListRowView.swift */,
			);
			path = Legend;
			sourceTree = "<group>";
		};
		6BCFBA242B4CCC9000C6246E /* CommonViews */ = {
			isa = PBXGroup;
			children = (
				6BCFB96F2B47817400C6246E /* RecogniseDisclaimerView.swift */,
				6BCFBA202B4CCB1F00C6246E /* RecogniseDisclaimerTitleView.swift */,
				6BCFBA222B4CCBDC00C6246E /* RecogniseDisclaimerBodyView.swift */,
			);
			path = CommonViews;
			sourceTree = "<group>";
		};
		6BCFBA252B4CCCE300C6246E /* AddPhoto */ = {
			isa = PBXGroup;
			children = (
				6B820A812B2BB80100724555 /* CameraView.swift */,
				6B820A872B2CC00500724555 /* ImageRecogniseContainerView.swift */,
				6B820A892B2CC12C00724555 /* AddPhotoButtonsHStackView.swift */,
				6BCFB96D2B47810D00C6246E /* RecogniseButtonView.swift */,
				6BCFB9712B47819C00C6246E /* ChooseAnotherPhotoTextView.swift */,
				6B7A20082B670A9E00B62640 /* MushroomNotDetectedTextView.swift */,
			);
			path = AddPhoto;
			sourceTree = "<group>";
		};
		6BCFBA262B4CCD0C00C6246E /* RecogniseResult */ = {
			isa = PBXGroup;
			children = (
				6BCFB9462B438AC000C6246E /* RecogniseMushroomResultView.swift */,
				6BCFBA4C2B4E149700C6246E /* ResultsListView.swift */,
				6BCFBAAA2B52001200C6246E /* ResultItemView.swift */,
				6B7A1FEE2B5F367400B62640 /* MainResultView.swift */,
				6B7A1FF02B5F370800B62640 /* OtherResultsView.swift */,
				6B7A1FF22B5F3C9200B62640 /* ResultItemImageView.swift */,
				6B7A1FF42B5F3D0C00B62640 /* ResultItemTextView.swift */,
				6B7A1FF62B5F3DD900B62640 /* ResultItemMushroomNameTextView.swift */,
				6B7A1FF82B5F3E4700B62640 /* ResultItemMushroomConfidenceTextView.swift */,
			);
			path = RecogniseResult;
			sourceTree = "<group>";
		};
/* End PBXGroup section */

/* Begin PBXNativeTarget section */
		6B0FBC372ACB677B00FDAA89 /* Micelio */ = {
			isa = PBXNativeTarget;
			buildConfigurationList = 6B0FBC4B2ACB677C00FDAA89 /* Build configuration list for PBXNativeTarget "Micelio" */;
			buildPhases = (
				6B0FBC342ACB677B00FDAA89 /* Sources */,
				6B0FBC352ACB677B00FDAA89 /* Frameworks */,
				6B0FBC362ACB677B00FDAA89 /* Resources */,
			);
			buildRules = (
			);
			dependencies = (
			);
			name = Micelio;
			productName = Micelio;
			productReference = 6B0FBC382ACB677B00FDAA89 /* Micelio.app */;
			productType = "com.apple.product-type.application";
		};
/* End PBXNativeTarget section */

/* Begin PBXProject section */
		6B0FBC302ACB677B00FDAA89 /* Project object */ = {
			isa = PBXProject;
			attributes = {
				BuildIndependentTargetsInParallel = 1;
				LastSwiftUpdateCheck = 1500;
				LastUpgradeCheck = 1500;
				TargetAttributes = {
					6B0FBC372ACB677B00FDAA89 = {
						CreatedOnToolsVersion = 15.0;
					};
				};
			};
			buildConfigurationList = 6B0FBC332ACB677B00FDAA89 /* Build configuration list for PBXProject "Micelio" */;
			compatibilityVersion = "Xcode 14.0";
			developmentRegion = en;
			hasScannedForEncodings = 0;
			knownRegions = (
				en,
				Base,
				it,
			);
			mainGroup = 6B0FBC2F2ACB677B00FDAA89;
			productRefGroup = 6B0FBC392ACB677B00FDAA89 /* Products */;
			projectDirPath = "";
			projectRoot = "";
			targets = (
				6B0FBC372ACB677B00FDAA89 /* Micelio */,
			);
		};
/* End PBXProject section */

/* Begin PBXResourcesBuildPhase section */
		6B0FBC362ACB677B00FDAA89 /* Resources */ = {
			isa = PBXResourcesBuildPhase;
			buildActionMask = 2147483647;
			files = (
				6B7CC34F2B0EE8E50042A8E4 /* porcino_1.jpeg in Resources */,
				6B7CC34C2B0EE8E50042A8E4 /* porcino_8.jpeg in Resources */,
				6B7CC3472B0EE8E50042A8E4 /* porcino_7.jpeg in Resources */,
				6B0FBC432ACB677C00FDAA89 /* Preview Assets.xcassets in Resources */,
				6B7CC34D2B0EE8E50042A8E4 /* porcino_9.jpeg in Resources */,
				6B7CC3492B0EE8E50042A8E4 /* porcino_6.jpeg in Resources */,
				6B7CC34B2B0EE8E50042A8E4 /* porcino_3.jpeg in Resources */,
				6B7CC34E2B0EE8E50042A8E4 /* porcino_0.jpeg in Resources */,
				6B7CC3482B0EE8E50042A8E4 /* porcino_2.jpeg in Resources */,
				6B0FBC402ACB677C00FDAA89 /* Assets.xcassets in Resources */,
				6BA95D402ACC21C600D7D700 /* Localizable.xcstrings in Resources */,
				6B7CC34A2B0EE8E50042A8E4 /* porcino_4.jpeg in Resources */,
				6B7CC3462B0EE8E50042A8E4 /* porcino_5.jpeg in Resources */,
			);
			runOnlyForDeploymentPostprocessing = 0;
		};
/* End PBXResourcesBuildPhase section */

/* Begin PBXSourcesBuildPhase section */
		6B0FBC342ACB677B00FDAA89 /* Sources */ = {
			isa = PBXSourcesBuildPhase;
			buildActionMask = 2147483647;
			files = (
				6BCFBA4D2B4E149700C6246E /* ResultsListView.swift in Sources */,
				6BA8B4C72AD588E4005272D2 /* Season.swift in Sources */,
				6B7CC3592B19134D0042A8E4 /* Constants.swift in Sources */,
				6B7A1FF92B5F3E4700B62640 /* ResultItemMushroomConfidenceTextView.swift in Sources */,
				6B7A1FEF2B5F367400B62640 /* MainResultView.swift in Sources */,
				6B7A20072B6330AE00B62640 /* MushroomDetector.swift in Sources */,
				6B820A802B2BB6FB00724555 /* RecogniseView.swift in Sources */,
				6B239E0E2B72F79E00D7D8EB /* MapView.swift in Sources */,
				6BCFBA232B4CCBDC00C6246E /* RecogniseDisclaimerBodyView.swift in Sources */,
				6B820B182B3A4BE500724555 /* Classifier.swift in Sources */,
				6B820A822B2BB80100724555 /* CameraView.swift in Sources */,
				6BCFBA212B4CCB1F00C6246E /* RecogniseDisclaimerTitleView.swift in Sources */,
				6BCFB96E2B47810D00C6246E /* RecogniseButtonView.swift in Sources */,
				6B908D492B7E5379007FC5B7 /* MushroomMapAnnotation+CoreDataClass.swift in Sources */,
				6B239E192B72FB9E00D7D8EB /* AddPinButtonView.swift in Sources */,
				6BA8B4D42AD8B828005272D2 /* MushroomCatalogView.swift in Sources */,
				6BCFB9722B47819C00C6246E /* ChooseAnotherPhotoTextView.swift in Sources */,
				6BCFBAAB2B52001200C6246E /* ResultItemView.swift in Sources */,
				6B7A20052B632D6800B62640 /* Prediction.swift in Sources */,
				6B7CC3542B141ACE0042A8E4 /* AllImagesContainerView.swift in Sources */,
				6BCFBAB12B520BB600C6246E /* MicelioMushroomClassifier_v3.mlmodel in Sources */,
				6B7A1FF72B5F3DD900B62640 /* ResultItemMushroomNameTextView.swift in Sources */,
				6B820A882B2CC00500724555 /* ImageRecogniseContainerView.swift in Sources */,
				6B908D4A2B7E5379007FC5B7 /* MushroomMapAnnotation+CoreDataProperties.swift in Sources */,
				6B7835B22B06D8BC00166DB3 /* AllImagesView.swift in Sources */,
				6B78357C2AFBDDDC00166DB3 /* TitleView.swift in Sources */,
				6BCFB90D2B3E41D000C6246E /* ResizableImageWithShapeBackground.swift in Sources */,
				6BBEC8C52AF46C52000720FF /* LegendListSectionView.swift in Sources */,
				6B7A1FFB2B6321E700B62640 /* MobileNetV2.mlmodel in Sources */,
				6B7A1FF32B5F3C9200B62640 /* ResultItemImageView.swift in Sources */,
				6B7835832AFD98EC00166DB3 /* DisclosureGroupCustomStyle.swift in Sources */,
				6B0FBC452ACB677C00FDAA89 /* Persistence.swift in Sources */,
				6B820B1A2B3A4E2400724555 /* MushroomClassifier.swift in Sources */,
				6B8209C12B21504500724555 /* PhotoThumbnailView.swift in Sources */,
				6B239E152B72FB6400D7D8EB /* MapButtonsHStackView.swift in Sources */,
				6B3363BB2B3CF00B002FBAEF /* RecognisedMushroom.swift in Sources */,
				6BA8B4D72AD8BA8E005272D2 /* MushroomDetailView.swift in Sources */,
				6B239E0C2B6C581F00D7D8EB /* MushroomMapAnnotation+Coordinate.swift in Sources */,
				6B0FBC3E2ACB677B00FDAA89 /* ContentView.swift in Sources */,
				6B0FBC482ACB677C00FDAA89 /* Micelio.xcdatamodeld in Sources */,
				6B908D4D2B7E5B46007FC5B7 /* MushroomMapAnnotation+RandomGenerator.swift in Sources */,
				6B820A8A2B2CC12C00724555 /* AddPhotoButtonsHStackView.swift in Sources */,
				6BBEC8C72AF46D10000720FF /* LegendListRowView.swift in Sources */,
				6B7CC3562B141B9B0042A8E4 /* MainAndAllImagesView.swift in Sources */,
				6BA8B4C52AD5875E005272D2 /* MushroomEnvironment.swift in Sources */,
				6B239E132B72FA7000D7D8EB /* AddMushroomLocationTextView.swift in Sources */,
				6B7A1FF12B5F370800B62640 /* OtherResultsView.swift in Sources */,
				6B7835902B043FAD00166DB3 /* ShortDescriptionView.swift in Sources */,
				6B7835892AFE497C00166DB3 /* DetailGridView.swift in Sources */,
				6B908D532B840DA6007FC5B7 /* MushroomMapAnnotation+Init.swift in Sources */,
				6B908D512B7E5BCC007FC5B7 /* MushroomMapAnnotation+Colors.swift in Sources */,
				6BBEC8C92AF46F49000720FF /* LegendSection.swift in Sources */,
				6B7A20092B670A9E00B62640 /* MushroomNotDetectedTextView.swift in Sources */,
				6BB5179E2B75AEF5002A2133 /* MushroomPinView.swift in Sources */,
				6B3363BE2B3CF5E8002FBAEF /* FloatingPoint+Rounded.swift in Sources */,
				6B7835802AFBE1F400166DB3 /* MushroomDetailSectionView.swift in Sources */,
				6B78358C2AFE6F6A00166DB3 /* LegendItemImageView.swift in Sources */,
				6B820A8E2B3088CC00724555 /* ViewWithShapeBackground.swift in Sources */,
				6BCFB9702B47817400C6246E /* RecogniseDisclaimerView.swift in Sources */,
				6B7CC3522B141A210042A8E4 /* MainImageView.swift in Sources */,
				6B7835872AFE46DE00166DB3 /* DetailsView.swift in Sources */,
				6BA8B4CA2AD60D14005272D2 /* MushroomMockData.swift in Sources */,
				6B7835852AFE464400166DB3 /* TitleAndDetailsView.swift in Sources */,
				6B3126542B6AF1900016D701 /* LocationManager.swift in Sources */,
				6B7A1FFD2B63221600B62640 /* ImagePredictor.swift in Sources */,
				6B0FBC3C2ACB677B00FDAA89 /* MicelioApp.swift in Sources */,
				6B908D562B8416C0007FC5B7 /* MushroomMapAnnotationSheetView.swift in Sources */,
				6BA8B4CC2AD60F0F005272D2 /* MushroomMockGenerator.swift in Sources */,
				6BCFB94B2B462BE600C6246E /* RecogniseImageStyle.swift in Sources */,
				6B7A1FF52B5F3D0C00B62640 /* ResultItemTextView.swift in Sources */,
				6BBEC8BE2AF459C1000720FF /* LegendView.swift in Sources */,
				6B908D582B867898007FC5B7 /* AnnotationSheetButtonHStackView.swift in Sources */,
				6B908D5C2B867AE7007FC5B7 /* AnnotationDisplayView.swift in Sources */,
				6BBEC8CB2AF4705E000720FF /* LegendSections.swift in Sources */,
				6B239E102B72FA1D00D7D8EB /* MapOverlayView.swift in Sources */,
				6BA8B4C12AD4BDFD005272D2 /* Mushroom.swift in Sources */,
				6B3126522B6AB2C10016D701 /* MushroomMapView.swift in Sources */,
				6BBEC8C02AF466D7000720FF /* LegendItem.swift in Sources */,
				6B239E172B72FB9200D7D8EB /* CenterMapButtonView.swift in Sources */,
				6BBEC8C22AF467CC000720FF /* LegendItems.swift in Sources */,
				6BA8B4D22AD75B29005272D2 /* MushroomCatalogRowView.swift in Sources */,
				6B7A20012B63288800B62640 /* CGImagePropertyOrientation+Init.swift in Sources */,
				6BA8B4C32AD586A7005272D2 /* Edibility.swift in Sources */,
				6BCFB9472B438AC000C6246E /* RecogniseMushroomResultView.swift in Sources */,
				6B908D5A2B867ABE007FC5B7 /* AnnotationEditView.swift in Sources */,
			);
			runOnlyForDeploymentPostprocessing = 0;
		};
/* End PBXSourcesBuildPhase section */

/* Begin XCBuildConfiguration section */
		6B0FBC492ACB677C00FDAA89 /* Debug */ = {
			isa = XCBuildConfiguration;
			buildSettings = {
				ALWAYS_SEARCH_USER_PATHS = NO;
				ASSETCATALOG_COMPILER_GENERATE_SWIFT_ASSET_SYMBOL_EXTENSIONS = YES;
				CLANG_ANALYZER_NONNULL = YES;
				CLANG_ANALYZER_NUMBER_OBJECT_CONVERSION = YES_AGGRESSIVE;
				CLANG_CXX_LANGUAGE_STANDARD = "gnu++20";
				CLANG_ENABLE_MODULES = YES;
				CLANG_ENABLE_OBJC_ARC = YES;
				CLANG_ENABLE_OBJC_WEAK = YES;
				CLANG_WARN_BLOCK_CAPTURE_AUTORELEASING = YES;
				CLANG_WARN_BOOL_CONVERSION = YES;
				CLANG_WARN_COMMA = YES;
				CLANG_WARN_CONSTANT_CONVERSION = YES;
				CLANG_WARN_DEPRECATED_OBJC_IMPLEMENTATIONS = YES;
				CLANG_WARN_DIRECT_OBJC_ISA_USAGE = YES_ERROR;
				CLANG_WARN_DOCUMENTATION_COMMENTS = YES;
				CLANG_WARN_EMPTY_BODY = YES;
				CLANG_WARN_ENUM_CONVERSION = YES;
				CLANG_WARN_INFINITE_RECURSION = YES;
				CLANG_WARN_INT_CONVERSION = YES;
				CLANG_WARN_NON_LITERAL_NULL_CONVERSION = YES;
				CLANG_WARN_OBJC_IMPLICIT_RETAIN_SELF = YES;
				CLANG_WARN_OBJC_LITERAL_CONVERSION = YES;
				CLANG_WARN_OBJC_ROOT_CLASS = YES_ERROR;
				CLANG_WARN_QUOTED_INCLUDE_IN_FRAMEWORK_HEADER = YES;
				CLANG_WARN_RANGE_LOOP_ANALYSIS = YES;
				CLANG_WARN_STRICT_PROTOTYPES = YES;
				CLANG_WARN_SUSPICIOUS_MOVE = YES;
				CLANG_WARN_UNGUARDED_AVAILABILITY = YES_AGGRESSIVE;
				CLANG_WARN_UNREACHABLE_CODE = YES;
				CLANG_WARN__DUPLICATE_METHOD_MATCH = YES;
				COPY_PHASE_STRIP = NO;
				DEBUG_INFORMATION_FORMAT = dwarf;
				ENABLE_STRICT_OBJC_MSGSEND = YES;
				ENABLE_TESTABILITY = YES;
				ENABLE_USER_SCRIPT_SANDBOXING = YES;
				GCC_C_LANGUAGE_STANDARD = gnu17;
				GCC_DYNAMIC_NO_PIC = NO;
				GCC_NO_COMMON_BLOCKS = YES;
				GCC_OPTIMIZATION_LEVEL = 0;
				GCC_PREPROCESSOR_DEFINITIONS = (
					"DEBUG=1",
					"$(inherited)",
				);
				GCC_WARN_64_TO_32_BIT_CONVERSION = YES;
				GCC_WARN_ABOUT_RETURN_TYPE = YES_ERROR;
				GCC_WARN_UNDECLARED_SELECTOR = YES;
				GCC_WARN_UNINITIALIZED_AUTOS = YES_AGGRESSIVE;
				GCC_WARN_UNUSED_FUNCTION = YES;
				GCC_WARN_UNUSED_VARIABLE = YES;
				IPHONEOS_DEPLOYMENT_TARGET = 17.0;
				LOCALIZATION_PREFERS_STRING_CATALOGS = YES;
				MTL_ENABLE_DEBUG_INFO = INCLUDE_SOURCE;
				MTL_FAST_MATH = YES;
				ONLY_ACTIVE_ARCH = YES;
				SDKROOT = iphoneos;
				SWIFT_ACTIVE_COMPILATION_CONDITIONS = "DEBUG $(inherited)";
				SWIFT_OPTIMIZATION_LEVEL = "-Onone";
			};
			name = Debug;
		};
		6B0FBC4A2ACB677C00FDAA89 /* Release */ = {
			isa = XCBuildConfiguration;
			buildSettings = {
				ALWAYS_SEARCH_USER_PATHS = NO;
				ASSETCATALOG_COMPILER_GENERATE_SWIFT_ASSET_SYMBOL_EXTENSIONS = YES;
				CLANG_ANALYZER_NONNULL = YES;
				CLANG_ANALYZER_NUMBER_OBJECT_CONVERSION = YES_AGGRESSIVE;
				CLANG_CXX_LANGUAGE_STANDARD = "gnu++20";
				CLANG_ENABLE_MODULES = YES;
				CLANG_ENABLE_OBJC_ARC = YES;
				CLANG_ENABLE_OBJC_WEAK = YES;
				CLANG_WARN_BLOCK_CAPTURE_AUTORELEASING = YES;
				CLANG_WARN_BOOL_CONVERSION = YES;
				CLANG_WARN_COMMA = YES;
				CLANG_WARN_CONSTANT_CONVERSION = YES;
				CLANG_WARN_DEPRECATED_OBJC_IMPLEMENTATIONS = YES;
				CLANG_WARN_DIRECT_OBJC_ISA_USAGE = YES_ERROR;
				CLANG_WARN_DOCUMENTATION_COMMENTS = YES;
				CLANG_WARN_EMPTY_BODY = YES;
				CLANG_WARN_ENUM_CONVERSION = YES;
				CLANG_WARN_INFINITE_RECURSION = YES;
				CLANG_WARN_INT_CONVERSION = YES;
				CLANG_WARN_NON_LITERAL_NULL_CONVERSION = YES;
				CLANG_WARN_OBJC_IMPLICIT_RETAIN_SELF = YES;
				CLANG_WARN_OBJC_LITERAL_CONVERSION = YES;
				CLANG_WARN_OBJC_ROOT_CLASS = YES_ERROR;
				CLANG_WARN_QUOTED_INCLUDE_IN_FRAMEWORK_HEADER = YES;
				CLANG_WARN_RANGE_LOOP_ANALYSIS = YES;
				CLANG_WARN_STRICT_PROTOTYPES = YES;
				CLANG_WARN_SUSPICIOUS_MOVE = YES;
				CLANG_WARN_UNGUARDED_AVAILABILITY = YES_AGGRESSIVE;
				CLANG_WARN_UNREACHABLE_CODE = YES;
				CLANG_WARN__DUPLICATE_METHOD_MATCH = YES;
				COPY_PHASE_STRIP = NO;
				DEBUG_INFORMATION_FORMAT = "dwarf-with-dsym";
				ENABLE_NS_ASSERTIONS = NO;
				ENABLE_STRICT_OBJC_MSGSEND = YES;
				ENABLE_USER_SCRIPT_SANDBOXING = YES;
				GCC_C_LANGUAGE_STANDARD = gnu17;
				GCC_NO_COMMON_BLOCKS = YES;
				GCC_WARN_64_TO_32_BIT_CONVERSION = YES;
				GCC_WARN_ABOUT_RETURN_TYPE = YES_ERROR;
				GCC_WARN_UNDECLARED_SELECTOR = YES;
				GCC_WARN_UNINITIALIZED_AUTOS = YES_AGGRESSIVE;
				GCC_WARN_UNUSED_FUNCTION = YES;
				GCC_WARN_UNUSED_VARIABLE = YES;
				IPHONEOS_DEPLOYMENT_TARGET = 17.0;
				LOCALIZATION_PREFERS_STRING_CATALOGS = YES;
				MTL_ENABLE_DEBUG_INFO = NO;
				MTL_FAST_MATH = YES;
				SDKROOT = iphoneos;
				SWIFT_COMPILATION_MODE = wholemodule;
				VALIDATE_PRODUCT = YES;
			};
			name = Release;
		};
		6B0FBC4C2ACB677C00FDAA89 /* Debug */ = {
			isa = XCBuildConfiguration;
			buildSettings = {
				ASSETCATALOG_COMPILER_APPICON_NAME = AppIcon;
				ASSETCATALOG_COMPILER_GLOBAL_ACCENT_COLOR_NAME = AccentColor;
				CODE_SIGN_STYLE = Automatic;
				CURRENT_PROJECT_VERSION = 1;
				DEVELOPMENT_ASSET_PATHS = "\"Micelio/Preview Content\"";
				DEVELOPMENT_TEAM = R36C94X925;
				ENABLE_PREVIEWS = YES;
				GENERATE_INFOPLIST_FILE = YES;
				INFOPLIST_KEY_NSCameraUsageDescription = "Consenti l'accesso alla fotocamera per inserire nell'applicazione le fotografie dei funghi che trovi, e per riconoscere un fungo da una fotografia";
				INFOPLIST_KEY_NSLocationAlwaysAndWhenInUseUsageDescription = "Consenti l'accesso alla tua posizione per inserire nella mappa i luoghi dove hai trovato dei funghi, e per ricevere una notifica quando ti avvicini a uno di questi luoghi";
				INFOPLIST_KEY_NSLocationWhenInUseUsageDescription = "Consenti l'accesso alla tua posizione per inserire nella mappa i luoghi dove hai trovato dei funghi, e per ricevere una notifica quando ti avvicini a uno di questi luoghi";
				INFOPLIST_KEY_UIApplicationSceneManifest_Generation = YES;
				INFOPLIST_KEY_UIApplicationSupportsIndirectInputEvents = YES;
				INFOPLIST_KEY_UILaunchScreen_Generation = YES;
				INFOPLIST_KEY_UISupportedInterfaceOrientations_iPad = "UIInterfaceOrientationPortrait UIInterfaceOrientationPortraitUpsideDown UIInterfaceOrientationLandscapeLeft UIInterfaceOrientationLandscapeRight";
				INFOPLIST_KEY_UISupportedInterfaceOrientations_iPhone = "UIInterfaceOrientationPortrait UIInterfaceOrientationLandscapeLeft UIInterfaceOrientationLandscapeRight";
				IPHONEOS_DEPLOYMENT_TARGET = 16.4;
				LD_RUNPATH_SEARCH_PATHS = (
					"$(inherited)",
					"@executable_path/Frameworks",
				);
				MARKETING_VERSION = 1.0;
				PRODUCT_BUNDLE_IDENTIFIER = com.limulus.Micelio;
				PRODUCT_NAME = "$(TARGET_NAME)";
				SWIFT_EMIT_LOC_STRINGS = YES;
				SWIFT_VERSION = 5.0;
				TARGETED_DEVICE_FAMILY = "1,2";
			};
			name = Debug;
		};
		6B0FBC4D2ACB677C00FDAA89 /* Release */ = {
			isa = XCBuildConfiguration;
			buildSettings = {
				ASSETCATALOG_COMPILER_APPICON_NAME = AppIcon;
				ASSETCATALOG_COMPILER_GLOBAL_ACCENT_COLOR_NAME = AccentColor;
				CODE_SIGN_STYLE = Automatic;
				CURRENT_PROJECT_VERSION = 1;
				DEVELOPMENT_ASSET_PATHS = "\"Micelio/Preview Content\"";
				DEVELOPMENT_TEAM = R36C94X925;
				ENABLE_PREVIEWS = YES;
				GENERATE_INFOPLIST_FILE = YES;
				INFOPLIST_KEY_NSCameraUsageDescription = "Consenti l'accesso alla fotocamera per inserire nell'applicazione le fotografie dei funghi che trovi, e per riconoscere un fungo da una fotografia";
				INFOPLIST_KEY_NSLocationAlwaysAndWhenInUseUsageDescription = "Consenti l'accesso alla tua posizione per inserire nella mappa i luoghi dove hai trovato dei funghi, e per ricevere una notifica quando ti avvicini a uno di questi luoghi";
				INFOPLIST_KEY_NSLocationWhenInUseUsageDescription = "Consenti l'accesso alla tua posizione per inserire nella mappa i luoghi dove hai trovato dei funghi, e per ricevere una notifica quando ti avvicini a uno di questi luoghi";
				INFOPLIST_KEY_UIApplicationSceneManifest_Generation = YES;
				INFOPLIST_KEY_UIApplicationSupportsIndirectInputEvents = YES;
				INFOPLIST_KEY_UILaunchScreen_Generation = YES;
				INFOPLIST_KEY_UISupportedInterfaceOrientations_iPad = "UIInterfaceOrientationPortrait UIInterfaceOrientationPortraitUpsideDown UIInterfaceOrientationLandscapeLeft UIInterfaceOrientationLandscapeRight";
				INFOPLIST_KEY_UISupportedInterfaceOrientations_iPhone = "UIInterfaceOrientationPortrait UIInterfaceOrientationLandscapeLeft UIInterfaceOrientationLandscapeRight";
				IPHONEOS_DEPLOYMENT_TARGET = 16.4;
				LD_RUNPATH_SEARCH_PATHS = (
					"$(inherited)",
					"@executable_path/Frameworks",
				);
				MARKETING_VERSION = 1.0;
				PRODUCT_BUNDLE_IDENTIFIER = com.limulus.Micelio;
				PRODUCT_NAME = "$(TARGET_NAME)";
				SWIFT_EMIT_LOC_STRINGS = YES;
				SWIFT_VERSION = 5.0;
				TARGETED_DEVICE_FAMILY = "1,2";
			};
			name = Release;
		};
/* End XCBuildConfiguration section */

/* Begin XCConfigurationList section */
		6B0FBC332ACB677B00FDAA89 /* Build configuration list for PBXProject "Micelio" */ = {
			isa = XCConfigurationList;
			buildConfigurations = (
				6B0FBC492ACB677C00FDAA89 /* Debug */,
				6B0FBC4A2ACB677C00FDAA89 /* Release */,
			);
			defaultConfigurationIsVisible = 0;
			defaultConfigurationName = Release;
		};
		6B0FBC4B2ACB677C00FDAA89 /* Build configuration list for PBXNativeTarget "Micelio" */ = {
			isa = XCConfigurationList;
			buildConfigurations = (
				6B0FBC4C2ACB677C00FDAA89 /* Debug */,
				6B0FBC4D2ACB677C00FDAA89 /* Release */,
			);
			defaultConfigurationIsVisible = 0;
			defaultConfigurationName = Release;
		};
/* End XCConfigurationList section */

/* Begin XCVersionGroup section */
		6B0FBC462ACB677C00FDAA89 /* Micelio.xcdatamodeld */ = {
			isa = XCVersionGroup;
			children = (
				6B0FBC472ACB677C00FDAA89 /* Micelio.xcdatamodel */,
			);
			currentVersion = 6B0FBC472ACB677C00FDAA89 /* Micelio.xcdatamodel */;
			path = Micelio.xcdatamodeld;
			sourceTree = "<group>";
			versionGroupType = wrapper.xcdatamodel;
		};
/* End XCVersionGroup section */
	};
	rootObject = 6B0FBC302ACB677B00FDAA89 /* Project object */;
}
